Microsoft Visual Studio Solution File, Format Version 12.00
# Visual Studio Version 17
VisualStudioVersion = 17.5.2.0
MinimumVisualStudioVersion = 10.0.40219.1
Project("{FAE04EC0-301F-11D3-BF4B-00C04F79EFBC}") = "DiskToolsUi", "DiskToolsUi.csproj", "{3D935B4A-F55B-D650-9FCE-403C55D2F462}"
EndProject
Global
	GlobalSection(SolutionConfigurationPlatforms) = preSolution
		Debug|Any CPU = Debug|Any CPU
		Release|Any CPU = Release|Any CPU
	EndGlobalSection
	GlobalSection(ProjectConfigurationPlatforms) = postSolution
		{3D935B4A-F55B-D650-9FCE-403C55D2F462}.Debug|Any CPU.ActiveCfg = Debug|Any CPU
		{3D935B4A-F55B-D650-9FCE-403C55D2F462}.Debug|Any CPU.Build.0 = Debug|Any CPU
		{3D935B4A-F55B-D650-9FCE-403C55D2F462}.Release|Any CPU.ActiveCfg = Release|Any CPU
		{3D935B4A-F55B-D650-9FCE-403C55D2F462}.Release|Any CPU.Build.0 = Release|Any CPU
	EndGlobalSection
	GlobalSection(SolutionProperties) = preSolution
		HideSolutionNode = FALSE
	EndGlobalSection
	GlobalSection(ExtensibilityGlobals) = postSolution
		SolutionGuid = {108C6AFF-A44A-49FF-963C-51E6FC37E452}
	EndGlobalSection
EndGlobal
